// !$*UTF8*$!
{
	archiveVersion = 1;
	classes = {
	};
	objectVersion = 46;
	objects = {

/* Begin PBXBuildFile section */
		931053751DCE2D3F00282A78 /* AppDelegate.swift in Sources */ = {isa = PBXBuildFile; fileRef = 931053741DCE2D3F00282A78 /* AppDelegate.swift */; };
		931053771DCE2D3F00282A78 /* ViewController.swift in Sources */ = {isa = PBXBuildFile; fileRef = 931053761DCE2D3F00282A78 /* ViewController.swift */; };
		9310537A1DCE2D3F00282A78 /* Main.storyboard in Resources */ = {isa = PBXBuildFile; fileRef = 931053781DCE2D3F00282A78 /* Main.storyboard */; };
		9310537C1DCE2D3F00282A78 /* Assets.xcassets in Resources */ = {isa = PBXBuildFile; fileRef = 9310537B1DCE2D3F00282A78 /* Assets.xcassets */; };
		9310537F1DCE2D3F00282A78 /* LaunchScreen.storyboard in Resources */ = {isa = PBXBuildFile; fileRef = 9310537D1DCE2D3F00282A78 /* LaunchScreen.storyboard */; };
/* End PBXBuildFile section */

/* Begin PBXFileReference section */
		931053711DCE2D3F00282A78 /* downloading web content.app */ = {isa = PBXFileReference; explicitFileType = wrapper.application; includeInIndex = 0; path = "downloading web content.app"; sourceTree = BUILT_PRODUCTS_DIR; };
		931053741DCE2D3F00282A78 /* AppDelegate.swift */ = {isa = PBXFileReference; lastKnownFileType = sourcecode.swift; path = AppDelegate.swift; sourceTree = "<group>"; };
		931053761DCE2D3F00282A78 /* ViewController.swift */ = {isa = PBXFileReference; lastKnownFileType = sourcecode.swift; path = ViewController.swift; sourceTree = "<group>"; };
		931053791DCE2D3F00282A78 /* Base */ = {isa = PBXFileReference; lastKnownFileType = file.storyboard; name = Base; path = Base.lproj/Main.storyboard; sourceTree = "<group>"; };
		9310537B1DCE2D3F00282A78 /* Assets.xcassets */ = {isa = PBXFileReference; lastKnownFileType = folder.assetcatalog; path = Assets.xcassets; sourceTree = "<group>"; };
		9310537E1DCE2D3F00282A78 /* Base */ = {isa = PBXFileReference; lastKnownFileType = file.storyboard; name = Base; path = Base.lproj/LaunchScreen.storyboard; sourceTree = "<group>"; };
		931053801DCE2D3F00282A78 /* Info.plist */ = {isa = PBXFileReference; lastKnownFileType = text.plist.xml; path = Info.plist; sourceTree = "<group>"; };
/* End PBXFileReference section */

/* Begin PBXFrameworksBuildPhase section */
		9310536E1DCE2D3F00282A78 /* Frameworks */ = {
			isa = PBXFrameworksBuildPhase;
			buildActionMask = 2147483647;
			files = (
			);
			runOnlyForDeploymentPostprocessing = 0;
		};
/* End PBXFrameworksBuildPhase section */

/* Begin PBXGroup section */
		931053681DCE2D3F00282A78 = {
			isa = PBXGroup;
			children = (
				931053731DCE2D3F00282A78 /* downloading web content */,
				931053721DCE2D3F00282A78 /* Products */,
			);
			sourceTree = "<group>";
		};
		931053721DCE2D3F00282A78 /* Products */ = {
			isa = PBXGroup;
			children = (
				931053711DCE2D3F00282A78 /* downloading web content.app */,
			);
			name = Products;
			sourceTree = "<group>";
		};
		931053731DCE2D3F00282A78 /* downloading web content */ = {
			isa = PBXGroup;
			children = (
				931053741DCE2D3F00282A78 /* AppDelegate.swift */,
				931053761DCE2D3F00282A78 /* ViewController.swift */,
				931053781DCE2D3F00282A78 /* Main.storyboard */,
				9310537B1DCE2D3F00282A78 /* Assets.xcassets */,
				9310537D1DCE2D3F00282A78 /* LaunchScreen.storyboard */,
				931053801DCE2D3F00282A78 /* Info.plist */,
			);
			path = "downloading web content";
			sourceTree = "<group>";
		};
/* End PBXGroup section */

/* Begin PBXNativeTarget section */
		931053701DCE2D3F00282A78 /* downloading web content */ = {
			isa = PBXNativeTarget;
			buildConfigurationList = 931053831DCE2D3F00282A78 /* Build configuration list for PBXNativeTarget "downloading web content" */;
			buildPhases = (
				9310536D1DCE2D3F00282A78 /* Sources */,
				9310536E1DCE2D3F00282A78 /* Frameworks */,
				9310536F1DCE2D3F00282A78 /* Resources */,
			);
			buildRules = (
			);
			dependencies = (
			);
			name = "downloading web content";
			productName = "downloading web content";
			productReference = 931053711DCE2D3F00282A78 /* downloading web content.app */;
			productType = "com.apple.product-type.application";
		};
/* End PBXNativeTarget section */

/* Begin PBXProject section */
		931053691DCE2D3F00282A78 /* Project object */ = {
			isa = PBXProject;
			attributes = {
				LastSwiftUpdateCheck = 0810;
				LastUpgradeCheck = 0810;
				ORGANIZATIONNAME = sarva;
				TargetAttributes = {
					931053701DCE2D3F00282A78 = {
						CreatedOnToolsVersion = 8.1;
						ProvisioningStyle = Automatic;
					};
				};
			};
			buildConfigurationList = 9310536C1DCE2D3F00282A78 /* Build configuration list for PBXProject "downloading web content" */;
			compatibilityVersion = "Xcode 3.2";
			developmentRegion = English;
			hasScannedForEncodings = 0;
			knownRegions = (
				en,
				Base,
			);
			mainGroup = 931053681DCE2D3F00282A78;
			productRefGroup = 931053721DCE2D3F00282A78 /* Products */;
			projectDirPath = "";
			projectRoot = "";
			targets = (
				931053701DCE2D3F00282A78 /* downloading web content */,
			);
		};
/* End PBXProject section */

/* Begin PBXResourcesBuildPhase section */
		9310536F1DCE2D3F00282A78 /* Resources */ = {
			isa = PBXResourcesBuildPhase;
			buildActionMask = 2147483647;
			files = (
				9310537F1DCE2D3F00282A78 /* LaunchScreen.storyboard in Resources */,
				9310537C1DCE2D3F00282A78 /* Assets.xcassets in Resources */,
				9310537A1DCE2D3F00282A78 /* Main.storyboard in Resources */,
			);
			runOnlyForDeploymentPostprocessing = 0;
		};
/* End PBXResourcesBuildPhase section */

/* Begin PBXSourcesBuildPhase section */
		9310536D1DCE2D3F00282A78 /* Sources */ = {
			isa = PBXSourcesBuildPhase;
			buildActionMask = 2147483647;
			files = (
				931053771DCE2D3F00282A78 /* ViewController.swift in Sources */,
				931053751DCE2D3F00282A78 /* AppDelegate.swift in Sources */,
			);
			runOnlyForDeploymentPostprocessing = 0;
		};
/* End PBXSourcesBuildPhase section */

/* Begin PBXVariantGroup section */
		931053781DCE2D3F00282A78 /* Main.storyboard */ = {
			isa = PBXVariantGroup;
			children = (
				931053791DCE2D3F00282A78 /* Base */,
			);
			name = Main.storyboard;
			sourceTree = "<group>";
		};
		9310537D1DCE2D3F00282A78 /* LaunchScreen.storyboard */ = {
			isa = PBXVariantGroup;
			children = (
				9310537E1DCE2D3F00282A78 /* Base */,
			);
			name = LaunchScreen.storyboard;
			sourceTree = "<group>";
		};
/* End PBXVariantGroup section */

/* Begin XCBuildConfiguration section */
		931053811DCE2D3F00282A78 /* Debug */ = {
			isa = XCBuildConfiguration;
			buildSettings = {
				ALWAYS_SEARCH_USER_PATHS = NO;
				CLANG_ANALYZER_NONNULL = YES;
				CLANG_CXX_LANGUAGE_STANDARD = "gnu++0x";
				CLANG_CXX_LIBRARY = "libc++";
				CLANG_ENABLE_MODULES = YES;
				CLANG_ENABLE_OBJC_ARC = YES;
				CLANG_WARN_BOOL_CONVERSION = YES;
				CLANG_WARN_CONSTANT_CONVERSION = YES;
				CLANG_WARN_DIRECT_OBJC_ISA_USAGE = YES_ERROR;
				CLANG_WARN_DOCUMENTATION_COMMENTS = YES;
				CLANG_WARN_EMPTY_BODY = YES;
				CLANG_WARN_ENUM_CONVERSION = YES;
				CLANG_WARN_INFINITE_RECURSION = YES;
				CLANG_WARN_INT_CONVERSION = YES;
				CLANG_WARN_OBJC_ROOT_CLASS = YES_ERROR;
				CLANG_WARN_SUSPICIOUS_MOVES = YES;
				CLANG_WARN_UNREACHABLE_CODE = YES;
				CLANG_WARN__DUPLICATE_METHOD_MATCH = YES;
				"CODE_SIGN_IDENTITY[sdk=iphoneos*]" = "iPhone Developer";
				COPY_PHASE_STRIP = NO;
				DEBUG_INFORMATION_FORMAT = dwarf;
				ENABLE_STRICT_OBJC_MSGSEND = YES;
				ENABLE_TESTABILITY = YES;
				GCC_C_LANGUAGE_STANDARD = gnu99;
				GCC_DYNAMIC_NO_PIC = NO;
				GCC_NO_COMMON_BLOCKS = YES;
				GCC_OPTIMIZATION_LEVEL = 0;
				GCC_PREPROCESSOR_DEFINITIONS = (
					"DEBUG=1",
					"$(inherited)",
				);
				GCC_WARN_64_TO_32_BIT_CONVERSION = YES;
				GCC_WARN_ABOUT_RETURN_TYPE = YES_ERROR;
				GCC_WARN_UNDECLARED_SELECTOR = YES;
				GCC_WARN_UNINITIALIZED_AUTOS = YES_AGGRESSIVE;
				GCC_WARN_UNUSED_FUNCTION = YES;
				GCC_WARN_UNUSED_VARIABLE = YES;
				IPHONEOS_DEPLOYMENT_TARGET = 10.1;
				MTL_ENABLE_DEBUG_INFO = YES;
				ONLY_ACTIVE_ARCH = YES;
				SDKROOT = iphoneos;
				SWIFT_ACTIVE_COMPILATION_CONDITIONS = DEBUG;
				SWIFT_OPTIMIZATION_LEVEL = "-Onone";
			};
			name = Debug;
		};
		931053821DCE2D3F00282A78 /* Release */ = {
			isa = XCBuildConfiguration;
			buildSettings = {
				ALWAYS_SEARCH_USER_PATHS = NO;
				CLANG_ANALYZER_NONNULL = YES;
				CLANG_CXX_LANGUAGE_STANDARD = "gnu++0x";
				CLANG_CXX_LIBRARY = "libc++";
				CLANG_ENABLE_MODULES = YES;
				CLANG_ENABLE_OBJC_ARC = YES;
				CLANG_WARN_BOOL_CONVERSION = YES;
				CLANG_WARN_CONSTANT_CONVERSION = YES;
				CLANG_WARN_DIRECT_OBJC_ISA_USAGE = YES_ERROR;
				CLANG_WARN_DOCUMENTATION_COMMENTS = YES;
				CLANG_WARN_EMPTY_BODY = YES;
				CLANG_WARN_ENUM_CONVERSION = YES;
				CLANG_WARN_INFINITE_RECURSION = YES;
				CLANG_WARN_INT_CONVERSION = YES;
				CLANG_WARN_OBJC_ROOT_CLASS = YES_ERROR;
				CLANG_WARN_SUSPICIOUS_MOVES = YES;
				CLANG_WARN_UNREACHABLE_CODE = YES;
				CLANG_WARN__DUPLICATE_METHOD_MATCH = YES;
				"CODE_SIGN_IDENTITY[sdk=iphoneos*]" = "iPhone Developer";
				COPY_PHASE_STRIP = NO;
				DEBUG_INFORMATION_FORMAT = "dwarf-with-dsym";
				ENABLE_NS_ASSERTIONS = NO;
				ENABLE_STRICT_OBJC_MSGSEND = YES;
				GCC_C_LANGUAGE_STANDARD = gnu99;
				GCC_NO_COMMON_BLOCKS = YES;
				GCC_WARN_64_TO_32_BIT_CONVERSION = YES;
				GCC_WARN_ABOUT_RETURN_TYPE = YES_ERROR;
				GCC_WARN_UNDECLARED_SELECTOR = YES;
				GCC_WARN_UNINITIALIZED_AUTOS = YES_AGGRESSIVE;
				GCC_WARN_UNUSED_FUNCTION = YES;
				GCC_WARN_UNUSED_VARIABLE = YES;
				IPHONEOS_DEPLOYMENT_TARGET = 10.1;
				MTL_ENABLE_DEBUG_INFO = NO;
				SDKROOT = iphoneos;
				SWIFT_OPTIMIZATION_LEVEL = "-Owholemodule";
				VALIDATE_PRODUCT = YES;
			};
			name = Release;
		};
		931053841DCE2D3F00282A78 /* Debug */ = {
			isa = XCBuildConfiguration;
			buildSettings = {
				ASSETCATALOG_COMPILER_APPICON_NAME = AppIcon;
				INFOPLIST_FILE = "downloading web content/Info.plist";
				LD_RUNPATH_SEARCH_PATHS = "$(inherited) @executable_path/Frameworks";
				PRODUCT_BUNDLE_IDENTIFIER = "com.sarva.downloading-web-content";
				PRODUCT_NAME = "$(TARGET_NAME)";
				SWIFT_VERSION = 3.0;
			};
			name = Debug;
		};
		931053851DCE2D3F00282A78 /* Release */ = {
			isa = XCBuildConfiguration;
			buildSettings = {
				ASSETCATALOG_COMPILER_APPICON_NAME = AppIcon;
				INFOPLIST_FILE = "downloading web content/Info.plist";
				LD_RUNPATH_SEARCH_PATHS = "$(inherited) @executable_path/Frameworks";
				PRODUCT_BUNDLE_IDENTIFIER = "com.sarva.downloading-web-content";
				PRODUCT_NAME = "$(TARGET_NAME)";
				SWIFT_VERSION = 3.0;
			};
			name = Release;
		};
/* End XCBuildConfiguration section */

/* Begin XCConfigurationList section */
		9310536C1DCE2D3F00282A78 /* Build configuration list for PBXProject "downloading web content" */ = {
			isa = XCConfigurationList;
			buildConfigurations = (
				931053811DCE2D3F00282A78 /* Debug */,
				931053821DCE2D3F00282A78 /* Release */,
			);
			defaultConfigurationIsVisible = 0;
			defaultConfigurationName = Release;
		};
		931053831DCE2D3F00282A78 /* Build configuration list for PBXNativeTarget "downloading web content" */ = {
			isa = XCConfigurationList;
			buildConfigurations = (
				931053841DCE2D3F00282A78 /* Debug */,
				931053851DCE2D3F00282A78 /* Release */,
			);
			defaultConfigurationIsVisible = 0;
		};
/* End XCConfigurationList section */
	};
	rootObject = 931053691DCE2D3F00282A78 /* Project object */;
}
